
Microsoft Visual Studio Solution File, Format Version 12.00
# Visual Studio 2013
VisualStudioVersion = 12.0.30501.0
MinimumVisualStudioVersion = 10.0.40219.1
Project("{FAE04EC0-301F-11D3-BF4B-00C04F79EFBC}") = "RPS.Api", "RPS.Api\RPS.Api.csproj", "{50A59B34-821C-4570-927C-BE07DA3CF529}"
EndProject
Project("{FAE04EC0-301F-11D3-BF4B-00C04F79EFBC}") = "RPS.Api.Host", "RPS.Api.Host\RPS.Api.Host.csproj", "{20CF581D-76D4-4657-984D-729FB1E0AFAA}"
EndProject
Project("{FAE04EC0-301F-11D3-BF4B-00C04F79EFBC}") = "RPS.Api.IT", "RPS.Api.IT\RPS.Api.IT.csproj", "{35225A11-D250-4B05-8832-40C414CA010A}"
EndProject
Global
	GlobalSection(SolutionConfigurationPlatforms) = preSolution
		Debug|Any CPU = Debug|Any CPU
		Release|Any CPU = Release|Any CPU
	EndGlobalSection
	GlobalSection(ProjectConfigurationPlatforms) = postSolution
		{50A59B34-821C-4570-927C-BE07DA3CF529}.Debug|Any CPU.ActiveCfg = Debug|Any CPU
		{50A59B34-821C-4570-927C-BE07DA3CF529}.Debug|Any CPU.Build.0 = Debug|Any CPU
		{50A59B34-821C-4570-927C-BE07DA3CF529}.Release|Any CPU.ActiveCfg = Release|Any CPU
		{50A59B34-821C-4570-927C-BE07DA3CF529}.Release|Any CPU.Build.0 = Release|Any CPU
		{20CF581D-76D4-4657-984D-729FB1E0AFAA}.Debug|Any CPU.ActiveCfg = Debug|Any CPU
		{20CF581D-76D4-4657-984D-729FB1E0AFAA}.Debug|Any CPU.Build.0 = Debug|Any CPU
		{20CF581D-76D4-4657-984D-729FB1E0AFAA}.Release|Any CPU.ActiveCfg = Release|Any CPU
		{20CF581D-76D4-4657-984D-729FB1E0AFAA}.Release|Any CPU.Build.0 = Release|Any CPU
		{35225A11-D250-4B05-8832-40C414CA010A}.Debug|Any CPU.ActiveCfg = Debug|Any CPU
		{35225A11-D250-4B05-8832-40C414CA010A}.Debug|Any CPU.Build.0 = Debug|Any CPU
		{35225A11-D250-4B05-8832-40C414CA010A}.Release|Any CPU.ActiveCfg = Release|Any CPU
		{35225A11-D250-4B05-8832-40C414CA010A}.Release|Any CPU.Build.0 = Release|Any CPU
	EndGlobalSection
	GlobalSection(SolutionProperties) = preSolution
		HideSolutionNode = FALSE
	EndGlobalSection
EndGlobal
